# PyYAML 6.0.2 CPython 3.12 manylinux2014 x86_64 wheel, verified with
# `pip download --only-binary=:all: --platform manylinux2014_x86_64
#  --python-version 312 --implementation cp --abi cp312 PyYAML==6.0.2`.
PyYAML==6.0.2 \
    --hash=sha256:80bab7bfc629882493af4aa31a4cfa43a4c57c83813253626916b8c7ada83476
